
Microsoft Visual Studio Solution File, Format Version 12.00
# Visual Studio Version 17
VisualStudioVersion = 17.11.35222.181
MinimumVisualStudioVersion = 10.0.40219.1
Project("{FAE04EC0-301F-11D3-BF4B-00C04F79EFBC}") = "FoodDeliverySYS", "FoodDeliverySYS\FoodDeliverySYS.csproj", "{EB6561CC-D80F-4AB7-A1BA-580D3B31AB0B}"
EndProject
Global
	GlobalSection(SolutionConfigurationPlatforms) = preSolution
		Debug|Any CPU = Debug|Any CPU
		Release|Any CPU = Release|Any CPU
	EndGlobalSection
	GlobalSection(ProjectConfigurationPlatforms) = postSolution
		{EB6561CC-D80F-4AB7-A1BA-580D3B31AB0B}.Debug|Any CPU.ActiveCfg = Debug|Any CPU
		{EB6561CC-D80F-4AB7-A1BA-580D3B31AB0B}.Debug|Any CPU.Build.0 = Debug|Any CPU
		{EB6561CC-D80F-4AB7-A1BA-580D3B31AB0B}.Release|Any CPU.ActiveCfg = Release|Any CPU
		{EB6561CC-D80F-4AB7-A1BA-580D3B31AB0B}.Release|Any CPU.Build.0 = Release|Any CPU
	EndGlobalSection
	GlobalSection(SolutionProperties) = preSolution
		HideSolutionNode = FALSE
	EndGlobalSection
	GlobalSection(ExtensibilityGlobals) = postSolution
		SolutionGuid = {2A5F349A-91A1-40BD-9DC9-8BB373572037}
	EndGlobalSection
EndGlobal
